# This file is automatically @generated by Cargo.
# It is not intended for manual editing.
version = 3

[[package]]
name = "cve-rs"
version = "0.6.0"
source = "registry+https://github.com/rust-lang/crates.io-index"
checksum = "11922e822454d4fd01d4d3ed0f85d02cf9d836baf39247560a4ba3971062e2e0"

[[package]]
name = "cveforfree"
version = "0.1.0"
dependencies = [
 "cve-rs",
]
